
Microsoft Visual Studio Solution File, Format Version 12.00
# Visual Studio Version 17
VisualStudioVersion = 17.0.32002.185
MinimumVisualStudioVersion = 10.0.40219.1
Project("{FAE04EC0-301F-11D3-BF4B-00C04F79EFBC}") = "Uslugi_Salona_Crasoti", "Uslugi_Salona_Crasoti.csproj", "{3CD631AC-9DA0-4CB6-8ADB-6B48A37A80C9}"
EndProject
Global
	GlobalSection(SolutionConfigurationPlatforms) = preSolution
		Debug|Any CPU = Debug|Any CPU
		Release|Any CPU = Release|Any CPU
	EndGlobalSection
	GlobalSection(ProjectConfigurationPlatforms) = postSolution
		{3CD631AC-9DA0-4CB6-8ADB-6B48A37A80C9}.Debug|Any CPU.ActiveCfg = Debug|Any CPU
		{3CD631AC-9DA0-4CB6-8ADB-6B48A37A80C9}.Debug|Any CPU.Build.0 = Debug|Any CPU
		{3CD631AC-9DA0-4CB6-8ADB-6B48A37A80C9}.Release|Any CPU.ActiveCfg = Release|Any CPU
		{3CD631AC-9DA0-4CB6-8ADB-6B48A37A80C9}.Release|Any CPU.Build.0 = Release|Any CPU
	EndGlobalSection
	GlobalSection(SolutionProperties) = preSolution
		HideSolutionNode = FALSE
	EndGlobalSection
	GlobalSection(ExtensibilityGlobals) = postSolution
		SolutionGuid = {C9292475-FBE8-472A-B9AD-8AB9310BA31C}
	EndGlobalSection
EndGlobal
